
Microsoft Visual Studio Solution File, Format Version 12.00
# Visual Studio 2013
VisualStudioVersion = 12.0.30324.0
MinimumVisualStudioVersion = 10.0.40219.1
Project("{2150E333-8FDC-42A3-9474-1A3956D46DE8}") = "Web", "Web", "{F33A63D7-5E59-4F49-8DEA-B219515C69D8}"
EndProject
Project("{2150E333-8FDC-42A3-9474-1A3956D46DE8}") = "Data", "Data", "{6282B095-17E3-4C26-805C-F8FB45C76A78}"
EndProject
Project("{FAE04EC0-301F-11D3-BF4B-00C04F79EFBC}") = "Quoteversation.Web", "Quoteversation.Web\Quoteversation.Web.csproj", "{B0C7A2CC-203D-4E2C-9570-B62CC6076692}"
EndProject
Project("{FAE04EC0-301F-11D3-BF4B-00C04F79EFBC}") = "Quoteversation.Data", "Quoteversation.Data\Quoteversation.Data.csproj", "{AB77EA67-1AD8-47D4-9F44-A421692046C7}"
EndProject
Project("{FAE04EC0-301F-11D3-BF4B-00C04F79EFBC}") = "Quoteversation.Models", "Quoteversation.Models\Quoteversation.Models.csproj", "{03E7F870-61F7-461E-B8A0-F6112E9DD488}"
EndProject
Project("{FAE04EC0-301F-11D3-BF4B-00C04F79EFBC}") = "Quoteversation.Data.Common", "Quoteversation.Data.Common\Quoteversation.Data.Common.csproj", "{33DE1A1D-A0A5-495F-BB30-92E3E9B1457F}"
EndProject
Global
	GlobalSection(SolutionConfigurationPlatforms) = preSolution
		Debug|Any CPU = Debug|Any CPU
		Release|Any CPU = Release|Any CPU
	EndGlobalSection
	GlobalSection(ProjectConfigurationPlatforms) = postSolution
		{B0C7A2CC-203D-4E2C-9570-B62CC6076692}.Debug|Any CPU.ActiveCfg = Debug|Any CPU
		{B0C7A2CC-203D-4E2C-9570-B62CC6076692}.Debug|Any CPU.Build.0 = Debug|Any CPU
		{B0C7A2CC-203D-4E2C-9570-B62CC6076692}.Release|Any CPU.ActiveCfg = Release|Any CPU
		{B0C7A2CC-203D-4E2C-9570-B62CC6076692}.Release|Any CPU.Build.0 = Release|Any CPU
		{AB77EA67-1AD8-47D4-9F44-A421692046C7}.Debug|Any CPU.ActiveCfg = Debug|Any CPU
		{AB77EA67-1AD8-47D4-9F44-A421692046C7}.Debug|Any CPU.Build.0 = Debug|Any CPU
		{AB77EA67-1AD8-47D4-9F44-A421692046C7}.Release|Any CPU.ActiveCfg = Release|Any CPU
		{AB77EA67-1AD8-47D4-9F44-A421692046C7}.Release|Any CPU.Build.0 = Release|Any CPU
		{03E7F870-61F7-461E-B8A0-F6112E9DD488}.Debug|Any CPU.ActiveCfg = Debug|Any CPU
		{03E7F870-61F7-461E-B8A0-F6112E9DD488}.Debug|Any CPU.Build.0 = Debug|Any CPU
		{03E7F870-61F7-461E-B8A0-F6112E9DD488}.Release|Any CPU.ActiveCfg = Release|Any CPU
		{03E7F870-61F7-461E-B8A0-F6112E9DD488}.Release|Any CPU.Build.0 = Release|Any CPU
		{33DE1A1D-A0A5-495F-BB30-92E3E9B1457F}.Debug|Any CPU.ActiveCfg = Debug|Any CPU
		{33DE1A1D-A0A5-495F-BB30-92E3E9B1457F}.Debug|Any CPU.Build.0 = Debug|Any CPU
		{33DE1A1D-A0A5-495F-BB30-92E3E9B1457F}.Release|Any CPU.ActiveCfg = Release|Any CPU
		{33DE1A1D-A0A5-495F-BB30-92E3E9B1457F}.Release|Any CPU.Build.0 = Release|Any CPU
	EndGlobalSection
	GlobalSection(SolutionProperties) = preSolution
		HideSolutionNode = FALSE
	EndGlobalSection
	GlobalSection(NestedProjects) = preSolution
		{B0C7A2CC-203D-4E2C-9570-B62CC6076692} = {F33A63D7-5E59-4F49-8DEA-B219515C69D8}
		{AB77EA67-1AD8-47D4-9F44-A421692046C7} = {6282B095-17E3-4C26-805C-F8FB45C76A78}
		{03E7F870-61F7-461E-B8A0-F6112E9DD488} = {6282B095-17E3-4C26-805C-F8FB45C76A78}
		{33DE1A1D-A0A5-495F-BB30-92E3E9B1457F} = {6282B095-17E3-4C26-805C-F8FB45C76A78}
	EndGlobalSection
EndGlobal
